
Microsoft Visual Studio Solution File, Format Version 12.00
# Visual Studio 15
Project("{FAE04EC0-301F-11D3-BF4B-00C04F79EFBC}") = "Assembly-CSharp", "Assembly-CSharp.csproj", "{9CD2E8EE-983F-5D31-7B42-C1C74F5E5E19}"
EndProject
Project("{FAE04EC0-301F-11D3-BF4B-00C04F79EFBC}") = "Assembly-CSharp-Editor", "Assembly-CSharp-Editor.csproj", "{27F55CCF-3798-F643-7B34-CB6302C00260}"
EndProject
Global
	GlobalSection(SolutionConfigurationPlatforms) = preSolution
		Debug|Any CPU = Debug|Any CPU
		Release|Any CPU = Release|Any CPU
	EndGlobalSection
	GlobalSection(ProjectConfigurationPlatforms) = postSolution
		{9CD2E8EE-983F-5D31-7B42-C1C74F5E5E19}.Debug|Any CPU.ActiveCfg = Debug|Any CPU
		{9CD2E8EE-983F-5D31-7B42-C1C74F5E5E19}.Debug|Any CPU.Build.0 = Debug|Any CPU
		{9CD2E8EE-983F-5D31-7B42-C1C74F5E5E19}.Release|Any CPU.ActiveCfg = Release|Any CPU
		{9CD2E8EE-983F-5D31-7B42-C1C74F5E5E19}.Release|Any CPU.Build.0 = Release|Any CPU
		{27F55CCF-3798-F643-7B34-CB6302C00260}.Debug|Any CPU.ActiveCfg = Debug|Any CPU
		{27F55CCF-3798-F643-7B34-CB6302C00260}.Debug|Any CPU.Build.0 = Debug|Any CPU
		{27F55CCF-3798-F643-7B34-CB6302C00260}.Release|Any CPU.ActiveCfg = Release|Any CPU
		{27F55CCF-3798-F643-7B34-CB6302C00260}.Release|Any CPU.Build.0 = Release|Any CPU
	EndGlobalSection
	GlobalSection(SolutionProperties) = preSolution
		HideSolutionNode = FALSE
	EndGlobalSection
EndGlobal
