
Microsoft Visual Studio Solution File, Format Version 11.00
# Visual Studio 2010
Project("{FAE04EC0-301F-11D3-BF4B-00C04F79EFBC}") = "Assembly-CSharp", "Assembly-CSharp.csproj", "{69bab02b-3b2a-f993-4233-05b3029d1824}"
EndProject
Project("{FAE04EC0-301F-11D3-BF4B-00C04F79EFBC}") = "Assembly-CSharp-Editor", "Assembly-CSharp-Editor.csproj", "{b14160dc-179f-117c-a39c-bf404c48c6d1}"
EndProject
Global
	GlobalSection(SolutionConfigurationPlatforms) = preSolution
		Debug|Any CPU = Debug|Any CPU
	EndGlobalSection
	GlobalSection(ProjectConfigurationPlatforms) = postSolution
		{69bab02b-3b2a-f993-4233-05b3029d1824}.Debug|Any CPU.ActiveCfg = Debug|Any CPU
		{69bab02b-3b2a-f993-4233-05b3029d1824}.Debug|Any CPU.Build.0 = Debug|Any CPU
		{b14160dc-179f-117c-a39c-bf404c48c6d1}.Debug|Any CPU.ActiveCfg = Debug|Any CPU
		{b14160dc-179f-117c-a39c-bf404c48c6d1}.Debug|Any CPU.Build.0 = Debug|Any CPU
	EndGlobalSection
	GlobalSection(SolutionProperties) = preSolution
		HideSolutionNode = FALSE
	EndGlobalSection
EndGlobal
